
Microsoft Visual Studio Solution File, Format Version 12.00
# Visual Studio 15
VisualStudioVersion = 15.0.27130.2010
MinimumVisualStudioVersion = 10.0.40219.1
Project("{FAE04EC0-301F-11D3-BF4B-00C04F79EFBC}") = "Singleton", "Singleton\Singleton.csproj", "{5F75A513-027C-4F64-8BC0-C9C5844BF52D}"
EndProject
Project("{FAE04EC0-301F-11D3-BF4B-00C04F79EFBC}") = "FactoryMethod", "FactoryMethod\FactoryMethod.csproj", "{1246D93D-9D51-4FB4-B45F-DA7218D34FA5}"
EndProject
Project("{FAE04EC0-301F-11D3-BF4B-00C04F79EFBC}") = "AbstractFactory", "AbstractFactory\AbstractFactory.csproj", "{2D0FD49C-67DD-4CB1-A425-B8D0904860EA}"
EndProject
Project("{FAE04EC0-301F-11D3-BF4B-00C04F79EFBC}") = "Builder", "Builder\Builder.csproj", "{A0A17ECF-E84E-4F8B-85A5-13A42D8E463A}"
EndProject
Project("{2150E333-8FDC-42A3-9474-1A3956D46DE8}") = "1.Creational", "1.Creational", "{E531AF54-BC87-4856-8D35-3B5F9CF28580}"
EndProject
Project("{2150E333-8FDC-42A3-9474-1A3956D46DE8}") = "2.Structural", "2.Structural", "{D580F40A-9798-465C-BD6D-C3654AE10846}"
EndProject
Project("{FAE04EC0-301F-11D3-BF4B-00C04F79EFBC}") = "Bridge", "Bridge\Bridge.csproj", "{6F8B896A-36E9-4B3C-87C7-0E4C61228556}"
EndProject
Project("{FAE04EC0-301F-11D3-BF4B-00C04F79EFBC}") = "Composite", "Composite\Composite.csproj", "{E9FCD0B2-32D6-433F-AEA6-4A6A673503F4}"
EndProject
Project("{FAE04EC0-301F-11D3-BF4B-00C04F79EFBC}") = "Facade", "Facade\Facade.csproj", "{D63C8A97-4F11-401C-A582-B122ED190E3B}"
EndProject
Project("{2150E333-8FDC-42A3-9474-1A3956D46DE8}") = "3.Behavior", "3.Behavior", "{9EC44A29-BD77-4387-A100-A00498334683}"
EndProject
Project("{FAE04EC0-301F-11D3-BF4B-00C04F79EFBC}") = "Command", "Command\Command.csproj", "{52575751-2DEA-4B74-AE86-6ED46A368118}"
EndProject
Project("{2150E333-8FDC-42A3-9474-1A3956D46DE8}") = "4.EntityFramework", "4.EntityFramework", "{1D58182A-8D4B-4AD0-8C1F-7B8229695D36}"
EndProject
Project("{FAE04EC0-301F-11D3-BF4B-00C04F79EFBC}") = "CodeFirst", "CodeFirst\CodeFirst.csproj", "{FB5C89EE-F07D-4C69-9373-667EB71404B6}"
EndProject
Global
	GlobalSection(SolutionConfigurationPlatforms) = preSolution
		Debug|Any CPU = Debug|Any CPU
		Release|Any CPU = Release|Any CPU
	EndGlobalSection
	GlobalSection(ProjectConfigurationPlatforms) = postSolution
		{5F75A513-027C-4F64-8BC0-C9C5844BF52D}.Debug|Any CPU.ActiveCfg = Debug|Any CPU
		{5F75A513-027C-4F64-8BC0-C9C5844BF52D}.Debug|Any CPU.Build.0 = Debug|Any CPU
		{5F75A513-027C-4F64-8BC0-C9C5844BF52D}.Release|Any CPU.ActiveCfg = Release|Any CPU
		{5F75A513-027C-4F64-8BC0-C9C5844BF52D}.Release|Any CPU.Build.0 = Release|Any CPU
		{1246D93D-9D51-4FB4-B45F-DA7218D34FA5}.Debug|Any CPU.ActiveCfg = Debug|Any CPU
		{1246D93D-9D51-4FB4-B45F-DA7218D34FA5}.Debug|Any CPU.Build.0 = Debug|Any CPU
		{1246D93D-9D51-4FB4-B45F-DA7218D34FA5}.Release|Any CPU.ActiveCfg = Release|Any CPU
		{1246D93D-9D51-4FB4-B45F-DA7218D34FA5}.Release|Any CPU.Build.0 = Release|Any CPU
		{2D0FD49C-67DD-4CB1-A425-B8D0904860EA}.Debug|Any CPU.ActiveCfg = Debug|Any CPU
		{2D0FD49C-67DD-4CB1-A425-B8D0904860EA}.Debug|Any CPU.Build.0 = Debug|Any CPU
		{2D0FD49C-67DD-4CB1-A425-B8D0904860EA}.Release|Any CPU.ActiveCfg = Release|Any CPU
		{2D0FD49C-67DD-4CB1-A425-B8D0904860EA}.Release|Any CPU.Build.0 = Release|Any CPU
		{A0A17ECF-E84E-4F8B-85A5-13A42D8E463A}.Debug|Any CPU.ActiveCfg = Debug|Any CPU
		{A0A17ECF-E84E-4F8B-85A5-13A42D8E463A}.Debug|Any CPU.Build.0 = Debug|Any CPU
		{A0A17ECF-E84E-4F8B-85A5-13A42D8E463A}.Release|Any CPU.ActiveCfg = Release|Any CPU
		{A0A17ECF-E84E-4F8B-85A5-13A42D8E463A}.Release|Any CPU.Build.0 = Release|Any CPU
		{6F8B896A-36E9-4B3C-87C7-0E4C61228556}.Debug|Any CPU.ActiveCfg = Debug|Any CPU
		{6F8B896A-36E9-4B3C-87C7-0E4C61228556}.Debug|Any CPU.Build.0 = Debug|Any CPU
		{6F8B896A-36E9-4B3C-87C7-0E4C61228556}.Release|Any CPU.ActiveCfg = Release|Any CPU
		{6F8B896A-36E9-4B3C-87C7-0E4C61228556}.Release|Any CPU.Build.0 = Release|Any CPU
		{E9FCD0B2-32D6-433F-AEA6-4A6A673503F4}.Debug|Any CPU.ActiveCfg = Debug|Any CPU
		{E9FCD0B2-32D6-433F-AEA6-4A6A673503F4}.Debug|Any CPU.Build.0 = Debug|Any CPU
		{E9FCD0B2-32D6-433F-AEA6-4A6A673503F4}.Release|Any CPU.ActiveCfg = Release|Any CPU
		{E9FCD0B2-32D6-433F-AEA6-4A6A673503F4}.Release|Any CPU.Build.0 = Release|Any CPU
		{D63C8A97-4F11-401C-A582-B122ED190E3B}.Debug|Any CPU.ActiveCfg = Debug|Any CPU
		{D63C8A97-4F11-401C-A582-B122ED190E3B}.Debug|Any CPU.Build.0 = Debug|Any CPU
		{D63C8A97-4F11-401C-A582-B122ED190E3B}.Release|Any CPU.ActiveCfg = Release|Any CPU
		{D63C8A97-4F11-401C-A582-B122ED190E3B}.Release|Any CPU.Build.0 = Release|Any CPU
		{52575751-2DEA-4B74-AE86-6ED46A368118}.Debug|Any CPU.ActiveCfg = Debug|Any CPU
		{52575751-2DEA-4B74-AE86-6ED46A368118}.Debug|Any CPU.Build.0 = Debug|Any CPU
		{52575751-2DEA-4B74-AE86-6ED46A368118}.Release|Any CPU.ActiveCfg = Release|Any CPU
		{52575751-2DEA-4B74-AE86-6ED46A368118}.Release|Any CPU.Build.0 = Release|Any CPU
		{FB5C89EE-F07D-4C69-9373-667EB71404B6}.Debug|Any CPU.ActiveCfg = Debug|Any CPU
		{FB5C89EE-F07D-4C69-9373-667EB71404B6}.Debug|Any CPU.Build.0 = Debug|Any CPU
		{FB5C89EE-F07D-4C69-9373-667EB71404B6}.Release|Any CPU.ActiveCfg = Release|Any CPU
		{FB5C89EE-F07D-4C69-9373-667EB71404B6}.Release|Any CPU.Build.0 = Release|Any CPU
	EndGlobalSection
	GlobalSection(SolutionProperties) = preSolution
		HideSolutionNode = FALSE
	EndGlobalSection
	GlobalSection(NestedProjects) = preSolution
		{5F75A513-027C-4F64-8BC0-C9C5844BF52D} = {E531AF54-BC87-4856-8D35-3B5F9CF28580}
		{1246D93D-9D51-4FB4-B45F-DA7218D34FA5} = {E531AF54-BC87-4856-8D35-3B5F9CF28580}
		{2D0FD49C-67DD-4CB1-A425-B8D0904860EA} = {E531AF54-BC87-4856-8D35-3B5F9CF28580}
		{A0A17ECF-E84E-4F8B-85A5-13A42D8E463A} = {E531AF54-BC87-4856-8D35-3B5F9CF28580}
		{6F8B896A-36E9-4B3C-87C7-0E4C61228556} = {D580F40A-9798-465C-BD6D-C3654AE10846}
		{E9FCD0B2-32D6-433F-AEA6-4A6A673503F4} = {D580F40A-9798-465C-BD6D-C3654AE10846}
		{D63C8A97-4F11-401C-A582-B122ED190E3B} = {D580F40A-9798-465C-BD6D-C3654AE10846}
		{52575751-2DEA-4B74-AE86-6ED46A368118} = {9EC44A29-BD77-4387-A100-A00498334683}
		{FB5C89EE-F07D-4C69-9373-667EB71404B6} = {1D58182A-8D4B-4AD0-8C1F-7B8229695D36}
	EndGlobalSection
	GlobalSection(ExtensibilityGlobals) = postSolution
		SolutionGuid = {5E523CBF-C5D6-4924-8962-FAB5BD8C0339}
	EndGlobalSection
EndGlobal
