
Microsoft Visual Studio Solution File, Format Version 12.00
# Visual Studio 15
VisualStudioVersion = 15.0.27130.2003
MinimumVisualStudioVersion = 10.0.40219.1
Project("{2150E333-8FDC-42A3-9474-1A3956D46DE8}") = "Source", "Source", "{C02E0A3F-4133-468F-8FBF-B89ABB2C9183}"
EndProject
Project("{2150E333-8FDC-42A3-9474-1A3956D46DE8}") = "Unit Test", "Unit Test", "{5B459ACE-4921-4B42-B949-A29B3D049C93}"
EndProject
Project("{2150E333-8FDC-42A3-9474-1A3956D46DE8}") = "02 CSharp Language", "02 CSharp Language", "{476882B7-D222-4302-8944-75BF15EAF33E}"
EndProject
Project("{2150E333-8FDC-42A3-9474-1A3956D46DE8}") = "02 CSharp Language", "02 CSharp Language", "{73100660-E3C4-40B3-8811-91674F480328}"
EndProject
Project("{2150E333-8FDC-42A3-9474-1A3956D46DE8}") = "04 Factory Method", "04 Factory Method", "{9A47F230-D50F-4550-9469-70605DAB2E33}"
EndProject
Project("{2150E333-8FDC-42A3-9474-1A3956D46DE8}") = "04 Factory Method", "04 Factory Method", "{15B6722D-1086-41A3-B581-84956BA7B7DD}"
EndProject
Project("{2150E333-8FDC-42A3-9474-1A3956D46DE8}") = "05 Singleton", "05 Singleton", "{3AB352CF-3647-4C7E-B008-C4242C147638}"
EndProject
Project("{2150E333-8FDC-42A3-9474-1A3956D46DE8}") = "05 Singleton", "05 Singleton", "{92DEFAFD-913E-4380-AC45-258916239349}"
EndProject
Project("{2150E333-8FDC-42A3-9474-1A3956D46DE8}") = "06 Abstract Factory", "06 Abstract Factory", "{3118E42B-CFE5-4BA8-8B3C-FCE3C382153F}"
EndProject
Project("{2150E333-8FDC-42A3-9474-1A3956D46DE8}") = "06 Abstract Factory", "06 Abstract Factory", "{6395D71A-5136-4296-A480-178507FAB615}"
EndProject
Project("{2150E333-8FDC-42A3-9474-1A3956D46DE8}") = "07 Builder", "07 Builder", "{84AFAF0F-0A6C-4D12-8CD5-4672D4C8AB95}"
EndProject
Project("{2150E333-8FDC-42A3-9474-1A3956D46DE8}") = "08 Prototype", "08 Prototype", "{A07D9F57-2CFA-4F59-BA32-BA6469A17C68}"
EndProject
Project("{2150E333-8FDC-42A3-9474-1A3956D46DE8}") = "07 Builder", "07 Builder", "{A5A3D39F-D315-48E0-A311-707799FF8681}"
EndProject
Project("{2150E333-8FDC-42A3-9474-1A3956D46DE8}") = "08 Prototype", "08 Prototype", "{2A2A8CB9-D74A-409B-BB50-CFDEC3041F34}"
EndProject
Project("{2150E333-8FDC-42A3-9474-1A3956D46DE8}") = "09 Adapter", "09 Adapter", "{C72A26A7-43CF-4DE4-B225-B279EACA01DE}"
EndProject
Project("{2150E333-8FDC-42A3-9474-1A3956D46DE8}") = "09 Adapter", "09 Adapter", "{1DA418BD-C4D3-491A-88F7-4104A896C616}"
EndProject
Project("{2150E333-8FDC-42A3-9474-1A3956D46DE8}") = "10 Bridge", "10 Bridge", "{E1230324-B1F3-48E1-B90D-8594F1996141}"
EndProject
Project("{2150E333-8FDC-42A3-9474-1A3956D46DE8}") = "10 Bridge", "10 Bridge", "{EA953E13-A019-40E4-A3FC-D7BC597CF419}"
EndProject
Project("{2150E333-8FDC-42A3-9474-1A3956D46DE8}") = "11 Composite", "11 Composite", "{9EBEE2A2-F64F-427E-9C79-F874178E03A5}"
EndProject
Project("{2150E333-8FDC-42A3-9474-1A3956D46DE8}") = "11 Composite", "11 Composite", "{1124E006-A4E9-4584-BE7C-506DB07278D9}"
EndProject
Project("{2150E333-8FDC-42A3-9474-1A3956D46DE8}") = "03 Java and CSharp", "03 Java and CSharp", "{F87296DB-4897-449A-A917-780FD8AAB3C3}"
EndProject
Project("{2150E333-8FDC-42A3-9474-1A3956D46DE8}") = "01 OO", "01 OO", "{ADA47D16-7831-4BE1-BAAF-CDDB5735CAE9}"
EndProject
Project("{2150E333-8FDC-42A3-9474-1A3956D46DE8}") = "03 Java and CSharp", "03 Java and CSharp", "{D24F9018-9481-444E-B395-71B0E9ADE0D7}"
EndProject
Project("{2150E333-8FDC-42A3-9474-1A3956D46DE8}") = "01 OO", "01 OO", "{0507B5EE-0D63-4AE2-AE48-58BE82D22DEA}"
EndProject
Project("{2150E333-8FDC-42A3-9474-1A3956D46DE8}") = "12 Decorator", "12 Decorator", "{5D5CAA7F-69CB-44DF-AD36-7D1FDC72546C}"
EndProject
Project("{2150E333-8FDC-42A3-9474-1A3956D46DE8}") = "12 Decorator", "12 Decorator", "{11004707-344E-47C0-BDD0-6CEE90962409}"
EndProject
Project("{2150E333-8FDC-42A3-9474-1A3956D46DE8}") = "13 Facade", "13 Facade", "{51A2C580-7D94-4B78-BE97-F5F512424C9D}"
EndProject
Project("{2150E333-8FDC-42A3-9474-1A3956D46DE8}") = "13 Facade", "13 Facade", "{F6664E28-F90B-48F8-BDF4-B1D7550B888B}"
EndProject
Project("{2150E333-8FDC-42A3-9474-1A3956D46DE8}") = "26 Visitor", "26 Visitor", "{9152436A-A688-4869-880F-F545E1F46C4E}"
EndProject
Project("{2150E333-8FDC-42A3-9474-1A3956D46DE8}") = "26 Visitor", "26 Visitor", "{E2121EF7-1CF1-4C67-96D6-AB46AEF68417}"
EndProject
Project("{2150E333-8FDC-42A3-9474-1A3956D46DE8}") = "14 Flyweight", "14 Flyweight", "{7352A3B4-67AB-4160-A839-376DE716A99D}"
EndProject
Project("{2150E333-8FDC-42A3-9474-1A3956D46DE8}") = "14 Flyweight", "14 Flyweight", "{26BB2FDB-13A7-4067-BB17-E9B19C4A8CBB}"
EndProject
Project("{2150E333-8FDC-42A3-9474-1A3956D46DE8}") = "15 Proxy", "15 Proxy", "{04770597-9A60-42CF-A149-E22513EC3A23}"
EndProject
Project("{2150E333-8FDC-42A3-9474-1A3956D46DE8}") = "15 Proxy", "15 Proxy", "{79716673-23F8-42AC-9656-433EEE51AC1E}"
EndProject
Project("{2150E333-8FDC-42A3-9474-1A3956D46DE8}") = "16 Chain of Responsibility", "16 Chain of Responsibility", "{C6584796-B130-4197-BFD5-D50F9D8FFA56}"
EndProject
Project("{2150E333-8FDC-42A3-9474-1A3956D46DE8}") = "16 Chain of Responsibility", "16 Chain of Responsibility", "{2179C1EC-6507-4BC6-845D-5E97BCBAB0FA}"
EndProject
Project("{2150E333-8FDC-42A3-9474-1A3956D46DE8}") = "17 Template", "17 Template", "{45B10437-14A2-4F09-A58C-1084CA7CAA6F}"
EndProject
Project("{2150E333-8FDC-42A3-9474-1A3956D46DE8}") = "17 Template", "17 Template", "{8E828550-9C2B-481E-9B8A-F0DE56040F80}"
EndProject
Project("{2150E333-8FDC-42A3-9474-1A3956D46DE8}") = "18 Interpreter", "18 Interpreter", "{16F8DDAA-8E14-4A5B-AC95-BADC4FCECD01}"
EndProject
Project("{2150E333-8FDC-42A3-9474-1A3956D46DE8}") = "18 Interpreter", "18 Interpreter", "{CFF1024C-2F69-4CBF-AFD0-A52F9C68FCD5}"
EndProject
Project("{2150E333-8FDC-42A3-9474-1A3956D46DE8}") = "19 Command", "19 Command", "{964BE2E2-68E4-461C-8439-CEC3974376FC}"
EndProject
Project("{2150E333-8FDC-42A3-9474-1A3956D46DE8}") = "19 Command", "19 Command", "{1175C2E4-9C8D-4AFB-B73E-9AE1D4B7B18A}"
EndProject
Project("{2150E333-8FDC-42A3-9474-1A3956D46DE8}") = "20 Iterator", "20 Iterator", "{847D131C-58BC-430A-90A2-9437860B0FD4}"
EndProject
Project("{2150E333-8FDC-42A3-9474-1A3956D46DE8}") = "20 Iterator", "20 Iterator", "{1F9A5295-0645-4F0F-B94E-D3E000A28F10}"
EndProject
Project("{2150E333-8FDC-42A3-9474-1A3956D46DE8}") = "21 Mediator", "21 Mediator", "{BA569993-13AE-4B8C-BD25-2ECE5987058F}"
EndProject
Project("{2150E333-8FDC-42A3-9474-1A3956D46DE8}") = "21 Mediator", "21 Mediator", "{1C45E95E-850E-450E-8B7F-4E828D409183}"
EndProject
Project("{2150E333-8FDC-42A3-9474-1A3956D46DE8}") = "22 Memento", "22 Memento", "{CC96FD09-68F2-409E-8A1E-C2117A7150CB}"
EndProject
Project("{2150E333-8FDC-42A3-9474-1A3956D46DE8}") = "22 Memento", "22 Memento", "{E881C47B-8A1A-4C42-B441-AE7BBFB1BB38}"
EndProject
Project("{2150E333-8FDC-42A3-9474-1A3956D46DE8}") = "23 Observer", "23 Observer", "{665B8692-897D-4B4C-872D-A108B90D6737}"
EndProject
Project("{2150E333-8FDC-42A3-9474-1A3956D46DE8}") = "23 Observer", "23 Observer", "{7013343A-B302-4EC8-97E0-0E92DF59D03A}"
EndProject
Project("{2150E333-8FDC-42A3-9474-1A3956D46DE8}") = "24 State", "24 State", "{F73FD57B-4E46-4261-86FA-4674C5F74B5E}"
EndProject
Project("{2150E333-8FDC-42A3-9474-1A3956D46DE8}") = "24 State", "24 State", "{341F39D1-E127-422C-9E48-7215864DA9C3}"
EndProject
Project("{2150E333-8FDC-42A3-9474-1A3956D46DE8}") = "25 Strategy", "25 Strategy", "{3893D5D1-F4DF-4D00-A5D7-EC8B9A801079}"
EndProject
Project("{2150E333-8FDC-42A3-9474-1A3956D46DE8}") = "25 Strategy", "25 Strategy", "{6179B85F-E2BE-42C3-B5C5-AD3A8FD9A6AF}"
EndProject
Project("{2150E333-8FDC-42A3-9474-1A3956D46DE8}") = "27 Stage Practice", "27 Stage Practice", "{1B479021-37A3-4AAB-898C-2C06FE12EBFE}"
EndProject
Project("{2150E333-8FDC-42A3-9474-1A3956D46DE8}") = "27 Stage Practice", "27 Stage Practice", "{2F63E3D9-C93D-48AE-B24B-71ABB0168BE6}"
EndProject
Project("{FAE04EC0-301F-11D3-BF4B-00C04F79EFBC}") = "Common", "src\Common\Common.csproj", "{A30E1375-5462-4576-879B-AA6A39B127B8}"
EndProject
Project("{FAE04EC0-301F-11D3-BF4B-00C04F79EFBC}") = "Common.Tests", "unitTest\Common.Tests\Common.Tests.csproj", "{151B3BBB-6DDB-46B9-91EE-B49501042A28}"
EndProject
Project("{FAE04EC0-301F-11D3-BF4B-00C04F79EFBC}") = "Concept", "src\Concept\Concept.csproj", "{9CC8B901-36BF-4465-9E99-E8D2BB01C90A}"
EndProject
Project("{FAE04EC0-301F-11D3-BF4B-00C04F79EFBC}") = "Concept.Tests", "unitTest\Concept.Tests\Concept.Tests.csproj", "{DC363B6C-D200-4F62-B43E-4A69EF102A0E}"
EndProject
Project("{FAE04EC0-301F-11D3-BF4B-00C04F79EFBC}") = "FactoryMethod", "src\FactoryMethod\FactoryMethod.csproj", "{9AC41942-EE4E-49DB-9B1B-0E7598E2179C}"
EndProject
Project("{FAE04EC0-301F-11D3-BF4B-00C04F79EFBC}") = "FactoryMethod.Tests", "unitTest\FactoryMethod.Tests\FactoryMethod.Tests.csproj", "{329B4E6B-300D-41FF-A30F-DCC899F5BDA4}"
EndProject
Project("{FAE04EC0-301F-11D3-BF4B-00C04F79EFBC}") = "Singleton", "src\Singleton\Singleton.csproj", "{ED1048E3-BE3E-4734-AAEB-794728DA1EE3}"
EndProject
Project("{FAE04EC0-301F-11D3-BF4B-00C04F79EFBC}") = "Singleton.Tests", "unitTest\Singleton.Tests\Singleton.Tests.csproj", "{5E72CA15-D76E-406A-9B79-D586DEC2B97E}"
EndProject
Project("{FAE04EC0-301F-11D3-BF4B-00C04F79EFBC}") = "Singleton.Tests.Web", "unitTest\SingletonPattern.Tests.Web\Singleton.Tests.Web.csproj", "{9C12A8CD-6572-4926-BD59-564B7F3AEBA1}"
EndProject
Project("{FAE04EC0-301F-11D3-BF4B-00C04F79EFBC}") = "AbstractFactory", "src\AbstractFactory\AbstractFactory.csproj", "{C43206DA-63E0-478B-B10A-BCDEFA7FA64E}"
EndProject
Project("{FAE04EC0-301F-11D3-BF4B-00C04F79EFBC}") = "AbstractFactory.Tests", "unitTest\AbstractFactory.Tests\AbstractFactory.Tests.csproj", "{F467674C-01E2-4E8B-8B51-256FFA80B917}"
EndProject
Project("{FAE04EC0-301F-11D3-BF4B-00C04F79EFBC}") = "Builder", "src\Builder\Builder.csproj", "{E39531EA-D928-47C5-B5E7-C2C83C228352}"
EndProject
Project("{FAE04EC0-301F-11D3-BF4B-00C04F79EFBC}") = "Builder.Tests", "unitTest\Builder.Tests\Builder.Tests.csproj", "{1297CAD5-B288-458A-9B3A-942370173A89}"
EndProject
Project("{FAE04EC0-301F-11D3-BF4B-00C04F79EFBC}") = "Prototype", "src\Prototype\Prototype.csproj", "{E9F9EE65-2C69-4ADF-8188-CDB39DC6C592}"
EndProject
Project("{FAE04EC0-301F-11D3-BF4B-00C04F79EFBC}") = "Prototype.Tests", "unitTest\Prototype.Tests\Prototype.Tests.csproj", "{9BDF5F5C-E0C0-471E-B2A0-869EB3A93031}"
EndProject
Project("{FAE04EC0-301F-11D3-BF4B-00C04F79EFBC}") = "Adapter", "src\Adapter\Adapter.csproj", "{978677A0-71A3-4875-9858-7E4CAC81A73F}"
EndProject
Project("{FAE04EC0-301F-11D3-BF4B-00C04F79EFBC}") = "Adapter.Tests", "unitTest\Adapter.Tests\Adapter.Tests.csproj", "{FD386985-8680-40D6-9D2D-5E60A9C0DD36}"
EndProject
Project("{FAE04EC0-301F-11D3-BF4B-00C04F79EFBC}") = "Bridge", "src\Bridge\Bridge.csproj", "{093E552A-D165-4CC9-9407-8468634E5D8B}"
EndProject
Project("{FAE04EC0-301F-11D3-BF4B-00C04F79EFBC}") = "Bridge.Tests", "unitTest\Bridge.Tests\Bridge.Tests.csproj", "{A6630634-2725-4E08-A8C9-DF4F57B59805}"
EndProject
Project("{FAE04EC0-301F-11D3-BF4B-00C04F79EFBC}") = "Composite", "src\Composite\Composite.csproj", "{981C2F5C-0FB9-4427-9571-A1E86DC08869}"
EndProject
Project("{FAE04EC0-301F-11D3-BF4B-00C04F79EFBC}") = "Composite.Tests", "unitTest\Composite.Tests\Composite.Tests.csproj", "{E6F4F955-6C33-4626-990C-EC6D324DE8E7}"
EndProject
Project("{FAE04EC0-301F-11D3-BF4B-00C04F79EFBC}") = "OOPrinciple", "src\OOPrinciple\OOPrinciple.csproj", "{50C47347-3ACB-450B-83FA-44B26DA9DF1D}"
EndProject
Project("{FAE04EC0-301F-11D3-BF4B-00C04F79EFBC}") = "JAndN", "src\JAndN\JAndN.csproj", "{2DFD9F1B-3286-479F-8795-D1BDE550C876}"
EndProject
Project("{FAE04EC0-301F-11D3-BF4B-00C04F79EFBC}") = "JAndN.Tests", "unitTest\JAndN.Tests\JAndN.Tests.csproj", "{BF32DD89-5065-49D3-B688-5C1A5ACB43B5}"
EndProject
Project("{FAE04EC0-301F-11D3-BF4B-00C04F79EFBC}") = "Decorator", "src\Decorator\Decorator.csproj", "{02F158D4-DE55-474D-A3DC-4564073DF0F2}"
EndProject
Project("{FAE04EC0-301F-11D3-BF4B-00C04F79EFBC}") = "Decorator.Tests", "unitTest\Decorator.Tests\Decorator.Tests.csproj", "{1EEC97C3-9960-45CA-8833-2EDE5CBF0FEA}"
EndProject
Project("{FAE04EC0-301F-11D3-BF4B-00C04F79EFBC}") = "Facade", "src\Facade\Facade.csproj", "{94B7466E-2691-404D-8BCD-C86D56E85D52}"
EndProject
Project("{FAE04EC0-301F-11D3-BF4B-00C04F79EFBC}") = "Facade.Tests", "unitTest\Facade.Tests\Facade.Tests.csproj", "{5BB43C65-311F-4161-976C-048743C82091}"
EndProject
Project("{FAE04EC0-301F-11D3-BF4B-00C04F79EFBC}") = "Visitor", "src\Visitor\Visitor.csproj", "{200F6550-BB79-4763-A0A5-8042686222BC}"
EndProject
Project("{FAE04EC0-301F-11D3-BF4B-00C04F79EFBC}") = "Visitor.Tests", "unitTest\Visitor.Tests\Visitor.Tests.csproj", "{20A1468B-57E7-44D4-A2B4-236186F31349}"
EndProject
Project("{FAE04EC0-301F-11D3-BF4B-00C04F79EFBC}") = "Flyweight", "src\Flyweight\Flyweight.csproj", "{208C4DCD-FD28-4A7C-94FB-7B5BC2EFAD23}"
EndProject
Project("{FAE04EC0-301F-11D3-BF4B-00C04F79EFBC}") = "Flyweight.Tests", "unitTest\Flyweight.Tests\Flyweight.Tests.csproj", "{1EB4B634-61CB-4AF3-B745-4C73020CBFFD}"
EndProject
Project("{FAE04EC0-301F-11D3-BF4B-00C04F79EFBC}") = "Proxy", "src\Proxy\Proxy.csproj", "{B7B0C1F8-2D8B-44D7-8F63-6DF0D68C3119}"
EndProject
Project("{FAE04EC0-301F-11D3-BF4B-00C04F79EFBC}") = "Proxy.Tests", "unitTest\Proxy.Tests\Proxy.Tests.csproj", "{2854EAA8-60ED-456C-8E63-11ED0D5988D0}"
	ProjectSection(ProjectDependencies) = postProject
		{6B751692-417E-4BA0-BD15-6B91B6E3A393} = {6B751692-417E-4BA0-BD15-6B91B6E3A393}
	EndProjectSection
EndProject
Project("{FAE04EC0-301F-11D3-BF4B-00C04F79EFBC}") = "Proxy.Host", "src\Proxy.Host\Proxy.Host.csproj", "{6B751692-417E-4BA0-BD15-6B91B6E3A393}"
EndProject
Project("{FAE04EC0-301F-11D3-BF4B-00C04F79EFBC}") = "CoR", "src\CoR\CoR.csproj", "{CD03E4F6-7AE4-4987-92AA-DCB6D1677983}"
EndProject
Project("{FAE04EC0-301F-11D3-BF4B-00C04F79EFBC}") = "CoR.Tests", "unitTest\CoR.Tests\CoR.Tests.csproj", "{23EF83D1-CF62-49BB-B9CF-89F8E5393227}"
EndProject
Project("{FAE04EC0-301F-11D3-BF4B-00C04F79EFBC}") = "Template", "src\Template\Template.csproj", "{05E1FEAF-17E6-4295-87A7-B06C1252992F}"
EndProject
Project("{FAE04EC0-301F-11D3-BF4B-00C04F79EFBC}") = "Template.Tests", "unitTest\Template.Tests\Template.Tests.csproj", "{37BCB204-7378-4EB7-A67C-0E63281C2D64}"
EndProject
Project("{FAE04EC0-301F-11D3-BF4B-00C04F79EFBC}") = "Interpreter", "src\Interpreter\Interpreter.csproj", "{D0B00DA2-BC64-4CAA-8E1D-1CDD3D8296D2}"
EndProject
Project("{FAE04EC0-301F-11D3-BF4B-00C04F79EFBC}") = "Interpreter.Tests", "unitTest\Interpreter.Tests\Interpreter.Tests.csproj", "{EA67A8F1-3AAA-43F1-B02C-37358288E4D7}"
EndProject
Project("{FAE04EC0-301F-11D3-BF4B-00C04F79EFBC}") = "Command", "src\Command\Command.csproj", "{3BFE9D12-04FF-4CF0-8872-E6C00F03B476}"
EndProject
Project("{FAE04EC0-301F-11D3-BF4B-00C04F79EFBC}") = "Command.Tests", "unitTest\Command.Tests\Command.Tests.csproj", "{E0FAE5B9-65FB-4D5D-8A2D-D35EAFFF5A22}"
EndProject
Project("{FAE04EC0-301F-11D3-BF4B-00C04F79EFBC}") = "Iterator", "src\Iterator\Iterator.csproj", "{A45D0669-5C81-43DD-A182-FA892085B4A6}"
EndProject
Project("{FAE04EC0-301F-11D3-BF4B-00C04F79EFBC}") = "Iterator.Tests", "unitTest\Iterator.Tests\Iterator.Tests.csproj", "{89D80B19-C7DD-4C00-AA20-CC69F17027E5}"
EndProject
Project("{FAE04EC0-301F-11D3-BF4B-00C04F79EFBC}") = "Mediator", "src\Mediator\Mediator.csproj", "{A63998FC-C971-452B-8811-D78A4E0F96F2}"
EndProject
Project("{FAE04EC0-301F-11D3-BF4B-00C04F79EFBC}") = "Mediator.Tests", "unitTest\Mediator.Tests\Mediator.Tests.csproj", "{166DD04F-0241-4939-8C69-6EAE4185DBD3}"
EndProject
Project("{FAE04EC0-301F-11D3-BF4B-00C04F79EFBC}") = "Memento", "src\Memento\Memento.csproj", "{8EA56895-45C8-42A7-BD9A-B4BEC848E65B}"
EndProject
Project("{FAE04EC0-301F-11D3-BF4B-00C04F79EFBC}") = "Memento.Tests", "unitTest\Memento.Tests\Memento.Tests.csproj", "{B6EEDCD0-92AE-4292-8A02-6CE5DBC08C8A}"
EndProject
Project("{FAE04EC0-301F-11D3-BF4B-00C04F79EFBC}") = "Observer", "src\Observer\Observer.csproj", "{B9EF591E-EEF5-4600-91A6-5EE0A9259648}"
EndProject
Project("{FAE04EC0-301F-11D3-BF4B-00C04F79EFBC}") = "Observer.Tests", "unitTest\Observer.Tests\Observer.Tests.csproj", "{BD28E9C7-61C4-4C76-8071-1AB110EB7879}"
EndProject
Project("{FAE04EC0-301F-11D3-BF4B-00C04F79EFBC}") = "State", "src\State\State.csproj", "{3FC7FAFA-6373-4A77-98D2-1226911BB827}"
EndProject
Project("{FAE04EC0-301F-11D3-BF4B-00C04F79EFBC}") = "State.Tests", "unitTest\State.Tests\State.Tests.csproj", "{44CD59BA-687D-4363-8403-ACAE04FDE8F0}"
EndProject
Project("{FAE04EC0-301F-11D3-BF4B-00C04F79EFBC}") = "Strategy", "src\Strategy\Strategy.csproj", "{3D7EF93D-5112-478A-B72A-1272F0C53EE3}"
EndProject
Project("{FAE04EC0-301F-11D3-BF4B-00C04F79EFBC}") = "Strategy.Tests", "unitTest\Strategy.Tests\Strategy.Tests.csproj", "{B6F5D28F-5412-4AD0-BA61-14F95E10D57F}"
EndProject
Project("{FAE04EC0-301F-11D3-BF4B-00C04F79EFBC}") = "Stage Practice", "src\Stage Practice\Stage Practice.csproj", "{1D65E7A6-07AA-4677-AE80-71B6CE1D4AFB}"
EndProject
Project("{FAE04EC0-301F-11D3-BF4B-00C04F79EFBC}") = "Stage Practice.Tests", "unitTest\Stage Practice.Tests\Stage Practice.Tests.csproj", "{920B02FF-8E87-4182-891E-39A71365BE8D}"
EndProject
Global
	GlobalSection(SolutionConfigurationPlatforms) = preSolution
		Debug|Any CPU = Debug|Any CPU
		Release|Any CPU = Release|Any CPU
	EndGlobalSection
	GlobalSection(ProjectConfigurationPlatforms) = postSolution
		{A30E1375-5462-4576-879B-AA6A39B127B8}.Debug|Any CPU.ActiveCfg = Debug|Any CPU
		{A30E1375-5462-4576-879B-AA6A39B127B8}.Debug|Any CPU.Build.0 = Debug|Any CPU
		{A30E1375-5462-4576-879B-AA6A39B127B8}.Release|Any CPU.ActiveCfg = Release|Any CPU
		{A30E1375-5462-4576-879B-AA6A39B127B8}.Release|Any CPU.Build.0 = Release|Any CPU
		{151B3BBB-6DDB-46B9-91EE-B49501042A28}.Debug|Any CPU.ActiveCfg = Debug|Any CPU
		{151B3BBB-6DDB-46B9-91EE-B49501042A28}.Debug|Any CPU.Build.0 = Debug|Any CPU
		{151B3BBB-6DDB-46B9-91EE-B49501042A28}.Release|Any CPU.ActiveCfg = Release|Any CPU
		{151B3BBB-6DDB-46B9-91EE-B49501042A28}.Release|Any CPU.Build.0 = Release|Any CPU
		{9CC8B901-36BF-4465-9E99-E8D2BB01C90A}.Debug|Any CPU.ActiveCfg = Debug|Any CPU
		{9CC8B901-36BF-4465-9E99-E8D2BB01C90A}.Debug|Any CPU.Build.0 = Debug|Any CPU
		{9CC8B901-36BF-4465-9E99-E8D2BB01C90A}.Release|Any CPU.ActiveCfg = Release|Any CPU
		{9CC8B901-36BF-4465-9E99-E8D2BB01C90A}.Release|Any CPU.Build.0 = Release|Any CPU
		{DC363B6C-D200-4F62-B43E-4A69EF102A0E}.Debug|Any CPU.ActiveCfg = Debug|Any CPU
		{DC363B6C-D200-4F62-B43E-4A69EF102A0E}.Debug|Any CPU.Build.0 = Debug|Any CPU
		{DC363B6C-D200-4F62-B43E-4A69EF102A0E}.Release|Any CPU.ActiveCfg = Release|Any CPU
		{DC363B6C-D200-4F62-B43E-4A69EF102A0E}.Release|Any CPU.Build.0 = Release|Any CPU
		{9AC41942-EE4E-49DB-9B1B-0E7598E2179C}.Debug|Any CPU.ActiveCfg = Debug|Any CPU
		{9AC41942-EE4E-49DB-9B1B-0E7598E2179C}.Debug|Any CPU.Build.0 = Debug|Any CPU
		{9AC41942-EE4E-49DB-9B1B-0E7598E2179C}.Release|Any CPU.ActiveCfg = Release|Any CPU
		{9AC41942-EE4E-49DB-9B1B-0E7598E2179C}.Release|Any CPU.Build.0 = Release|Any CPU
		{329B4E6B-300D-41FF-A30F-DCC899F5BDA4}.Debug|Any CPU.ActiveCfg = Debug|Any CPU
		{329B4E6B-300D-41FF-A30F-DCC899F5BDA4}.Debug|Any CPU.Build.0 = Debug|Any CPU
		{329B4E6B-300D-41FF-A30F-DCC899F5BDA4}.Release|Any CPU.ActiveCfg = Release|Any CPU
		{329B4E6B-300D-41FF-A30F-DCC899F5BDA4}.Release|Any CPU.Build.0 = Release|Any CPU
		{ED1048E3-BE3E-4734-AAEB-794728DA1EE3}.Debug|Any CPU.ActiveCfg = Debug|Any CPU
		{ED1048E3-BE3E-4734-AAEB-794728DA1EE3}.Debug|Any CPU.Build.0 = Debug|Any CPU
		{ED1048E3-BE3E-4734-AAEB-794728DA1EE3}.Release|Any CPU.ActiveCfg = Release|Any CPU
		{ED1048E3-BE3E-4734-AAEB-794728DA1EE3}.Release|Any CPU.Build.0 = Release|Any CPU
		{5E72CA15-D76E-406A-9B79-D586DEC2B97E}.Debug|Any CPU.ActiveCfg = Debug|Any CPU
		{5E72CA15-D76E-406A-9B79-D586DEC2B97E}.Debug|Any CPU.Build.0 = Debug|Any CPU
		{5E72CA15-D76E-406A-9B79-D586DEC2B97E}.Release|Any CPU.ActiveCfg = Release|Any CPU
		{5E72CA15-D76E-406A-9B79-D586DEC2B97E}.Release|Any CPU.Build.0 = Release|Any CPU
		{9C12A8CD-6572-4926-BD59-564B7F3AEBA1}.Debug|Any CPU.ActiveCfg = Debug|Any CPU
		{9C12A8CD-6572-4926-BD59-564B7F3AEBA1}.Debug|Any CPU.Build.0 = Debug|Any CPU
		{9C12A8CD-6572-4926-BD59-564B7F3AEBA1}.Release|Any CPU.ActiveCfg = Release|Any CPU
		{9C12A8CD-6572-4926-BD59-564B7F3AEBA1}.Release|Any CPU.Build.0 = Release|Any CPU
		{C43206DA-63E0-478B-B10A-BCDEFA7FA64E}.Debug|Any CPU.ActiveCfg = Debug|Any CPU
		{C43206DA-63E0-478B-B10A-BCDEFA7FA64E}.Debug|Any CPU.Build.0 = Debug|Any CPU
		{C43206DA-63E0-478B-B10A-BCDEFA7FA64E}.Release|Any CPU.ActiveCfg = Release|Any CPU
		{C43206DA-63E0-478B-B10A-BCDEFA7FA64E}.Release|Any CPU.Build.0 = Release|Any CPU
		{F467674C-01E2-4E8B-8B51-256FFA80B917}.Debug|Any CPU.ActiveCfg = Debug|Any CPU
		{F467674C-01E2-4E8B-8B51-256FFA80B917}.Debug|Any CPU.Build.0 = Debug|Any CPU
		{F467674C-01E2-4E8B-8B51-256FFA80B917}.Release|Any CPU.ActiveCfg = Release|Any CPU
		{F467674C-01E2-4E8B-8B51-256FFA80B917}.Release|Any CPU.Build.0 = Release|Any CPU
		{E39531EA-D928-47C5-B5E7-C2C83C228352}.Debug|Any CPU.ActiveCfg = Debug|Any CPU
		{E39531EA-D928-47C5-B5E7-C2C83C228352}.Debug|Any CPU.Build.0 = Debug|Any CPU
		{E39531EA-D928-47C5-B5E7-C2C83C228352}.Release|Any CPU.ActiveCfg = Release|Any CPU
		{E39531EA-D928-47C5-B5E7-C2C83C228352}.Release|Any CPU.Build.0 = Release|Any CPU
		{1297CAD5-B288-458A-9B3A-942370173A89}.Debug|Any CPU.ActiveCfg = Debug|Any CPU
		{1297CAD5-B288-458A-9B3A-942370173A89}.Debug|Any CPU.Build.0 = Debug|Any CPU
		{1297CAD5-B288-458A-9B3A-942370173A89}.Release|Any CPU.ActiveCfg = Release|Any CPU
		{1297CAD5-B288-458A-9B3A-942370173A89}.Release|Any CPU.Build.0 = Release|Any CPU
		{E9F9EE65-2C69-4ADF-8188-CDB39DC6C592}.Debug|Any CPU.ActiveCfg = Debug|Any CPU
		{E9F9EE65-2C69-4ADF-8188-CDB39DC6C592}.Debug|Any CPU.Build.0 = Debug|Any CPU
		{E9F9EE65-2C69-4ADF-8188-CDB39DC6C592}.Release|Any CPU.ActiveCfg = Release|Any CPU
		{E9F9EE65-2C69-4ADF-8188-CDB39DC6C592}.Release|Any CPU.Build.0 = Release|Any CPU
		{9BDF5F5C-E0C0-471E-B2A0-869EB3A93031}.Debug|Any CPU.ActiveCfg = Debug|Any CPU
		{9BDF5F5C-E0C0-471E-B2A0-869EB3A93031}.Debug|Any CPU.Build.0 = Debug|Any CPU
		{9BDF5F5C-E0C0-471E-B2A0-869EB3A93031}.Release|Any CPU.ActiveCfg = Release|Any CPU
		{9BDF5F5C-E0C0-471E-B2A0-869EB3A93031}.Release|Any CPU.Build.0 = Release|Any CPU
		{978677A0-71A3-4875-9858-7E4CAC81A73F}.Debug|Any CPU.ActiveCfg = Debug|Any CPU
		{978677A0-71A3-4875-9858-7E4CAC81A73F}.Debug|Any CPU.Build.0 = Debug|Any CPU
		{978677A0-71A3-4875-9858-7E4CAC81A73F}.Release|Any CPU.ActiveCfg = Release|Any CPU
		{978677A0-71A3-4875-9858-7E4CAC81A73F}.Release|Any CPU.Build.0 = Release|Any CPU
		{FD386985-8680-40D6-9D2D-5E60A9C0DD36}.Debug|Any CPU.ActiveCfg = Debug|Any CPU
		{FD386985-8680-40D6-9D2D-5E60A9C0DD36}.Debug|Any CPU.Build.0 = Debug|Any CPU
		{FD386985-8680-40D6-9D2D-5E60A9C0DD36}.Release|Any CPU.ActiveCfg = Release|Any CPU
		{FD386985-8680-40D6-9D2D-5E60A9C0DD36}.Release|Any CPU.Build.0 = Release|Any CPU
		{093E552A-D165-4CC9-9407-8468634E5D8B}.Debug|Any CPU.ActiveCfg = Debug|Any CPU
		{093E552A-D165-4CC9-9407-8468634E5D8B}.Debug|Any CPU.Build.0 = Debug|Any CPU
		{093E552A-D165-4CC9-9407-8468634E5D8B}.Release|Any CPU.ActiveCfg = Release|Any CPU
		{093E552A-D165-4CC9-9407-8468634E5D8B}.Release|Any CPU.Build.0 = Release|Any CPU
		{A6630634-2725-4E08-A8C9-DF4F57B59805}.Debug|Any CPU.ActiveCfg = Debug|Any CPU
		{A6630634-2725-4E08-A8C9-DF4F57B59805}.Debug|Any CPU.Build.0 = Debug|Any CPU
		{A6630634-2725-4E08-A8C9-DF4F57B59805}.Release|Any CPU.ActiveCfg = Release|Any CPU
		{A6630634-2725-4E08-A8C9-DF4F57B59805}.Release|Any CPU.Build.0 = Release|Any CPU
		{981C2F5C-0FB9-4427-9571-A1E86DC08869}.Debug|Any CPU.ActiveCfg = Debug|Any CPU
		{981C2F5C-0FB9-4427-9571-A1E86DC08869}.Debug|Any CPU.Build.0 = Debug|Any CPU
		{981C2F5C-0FB9-4427-9571-A1E86DC08869}.Release|Any CPU.ActiveCfg = Release|Any CPU
		{981C2F5C-0FB9-4427-9571-A1E86DC08869}.Release|Any CPU.Build.0 = Release|Any CPU
		{E6F4F955-6C33-4626-990C-EC6D324DE8E7}.Debug|Any CPU.ActiveCfg = Debug|Any CPU
		{E6F4F955-6C33-4626-990C-EC6D324DE8E7}.Debug|Any CPU.Build.0 = Debug|Any CPU
		{E6F4F955-6C33-4626-990C-EC6D324DE8E7}.Release|Any CPU.ActiveCfg = Release|Any CPU
		{E6F4F955-6C33-4626-990C-EC6D324DE8E7}.Release|Any CPU.Build.0 = Release|Any CPU
		{50C47347-3ACB-450B-83FA-44B26DA9DF1D}.Debug|Any CPU.ActiveCfg = Debug|Any CPU
		{50C47347-3ACB-450B-83FA-44B26DA9DF1D}.Debug|Any CPU.Build.0 = Debug|Any CPU
		{50C47347-3ACB-450B-83FA-44B26DA9DF1D}.Release|Any CPU.ActiveCfg = Release|Any CPU
		{50C47347-3ACB-450B-83FA-44B26DA9DF1D}.Release|Any CPU.Build.0 = Release|Any CPU
		{2DFD9F1B-3286-479F-8795-D1BDE550C876}.Debug|Any CPU.ActiveCfg = Debug|Any CPU
		{2DFD9F1B-3286-479F-8795-D1BDE550C876}.Debug|Any CPU.Build.0 = Debug|Any CPU
		{2DFD9F1B-3286-479F-8795-D1BDE550C876}.Release|Any CPU.ActiveCfg = Release|Any CPU
		{2DFD9F1B-3286-479F-8795-D1BDE550C876}.Release|Any CPU.Build.0 = Release|Any CPU
		{BF32DD89-5065-49D3-B688-5C1A5ACB43B5}.Debug|Any CPU.ActiveCfg = Debug|Any CPU
		{BF32DD89-5065-49D3-B688-5C1A5ACB43B5}.Debug|Any CPU.Build.0 = Debug|Any CPU
		{BF32DD89-5065-49D3-B688-5C1A5ACB43B5}.Release|Any CPU.ActiveCfg = Release|Any CPU
		{BF32DD89-5065-49D3-B688-5C1A5ACB43B5}.Release|Any CPU.Build.0 = Release|Any CPU
		{02F158D4-DE55-474D-A3DC-4564073DF0F2}.Debug|Any CPU.ActiveCfg = Debug|Any CPU
		{02F158D4-DE55-474D-A3DC-4564073DF0F2}.Debug|Any CPU.Build.0 = Debug|Any CPU
		{02F158D4-DE55-474D-A3DC-4564073DF0F2}.Release|Any CPU.ActiveCfg = Release|Any CPU
		{02F158D4-DE55-474D-A3DC-4564073DF0F2}.Release|Any CPU.Build.0 = Release|Any CPU
		{1EEC97C3-9960-45CA-8833-2EDE5CBF0FEA}.Debug|Any CPU.ActiveCfg = Debug|Any CPU
		{1EEC97C3-9960-45CA-8833-2EDE5CBF0FEA}.Debug|Any CPU.Build.0 = Debug|Any CPU
		{1EEC97C3-9960-45CA-8833-2EDE5CBF0FEA}.Release|Any CPU.ActiveCfg = Release|Any CPU
		{1EEC97C3-9960-45CA-8833-2EDE5CBF0FEA}.Release|Any CPU.Build.0 = Release|Any CPU
		{94B7466E-2691-404D-8BCD-C86D56E85D52}.Debug|Any CPU.ActiveCfg = Debug|Any CPU
		{94B7466E-2691-404D-8BCD-C86D56E85D52}.Debug|Any CPU.Build.0 = Debug|Any CPU
		{94B7466E-2691-404D-8BCD-C86D56E85D52}.Release|Any CPU.ActiveCfg = Release|Any CPU
		{94B7466E-2691-404D-8BCD-C86D56E85D52}.Release|Any CPU.Build.0 = Release|Any CPU
		{5BB43C65-311F-4161-976C-048743C82091}.Debug|Any CPU.ActiveCfg = Debug|Any CPU
		{5BB43C65-311F-4161-976C-048743C82091}.Debug|Any CPU.Build.0 = Debug|Any CPU
		{5BB43C65-311F-4161-976C-048743C82091}.Release|Any CPU.ActiveCfg = Release|Any CPU
		{5BB43C65-311F-4161-976C-048743C82091}.Release|Any CPU.Build.0 = Release|Any CPU
		{200F6550-BB79-4763-A0A5-8042686222BC}.Debug|Any CPU.ActiveCfg = Debug|Any CPU
		{200F6550-BB79-4763-A0A5-8042686222BC}.Debug|Any CPU.Build.0 = Debug|Any CPU
		{200F6550-BB79-4763-A0A5-8042686222BC}.Release|Any CPU.ActiveCfg = Release|Any CPU
		{200F6550-BB79-4763-A0A5-8042686222BC}.Release|Any CPU.Build.0 = Release|Any CPU
		{20A1468B-57E7-44D4-A2B4-236186F31349}.Debug|Any CPU.ActiveCfg = Debug|Any CPU
		{20A1468B-57E7-44D4-A2B4-236186F31349}.Debug|Any CPU.Build.0 = Debug|Any CPU
		{20A1468B-57E7-44D4-A2B4-236186F31349}.Release|Any CPU.ActiveCfg = Release|Any CPU
		{20A1468B-57E7-44D4-A2B4-236186F31349}.Release|Any CPU.Build.0 = Release|Any CPU
		{208C4DCD-FD28-4A7C-94FB-7B5BC2EFAD23}.Debug|Any CPU.ActiveCfg = Debug|Any CPU
		{208C4DCD-FD28-4A7C-94FB-7B5BC2EFAD23}.Debug|Any CPU.Build.0 = Debug|Any CPU
		{208C4DCD-FD28-4A7C-94FB-7B5BC2EFAD23}.Release|Any CPU.ActiveCfg = Release|Any CPU
		{208C4DCD-FD28-4A7C-94FB-7B5BC2EFAD23}.Release|Any CPU.Build.0 = Release|Any CPU
		{1EB4B634-61CB-4AF3-B745-4C73020CBFFD}.Debug|Any CPU.ActiveCfg = Debug|Any CPU
		{1EB4B634-61CB-4AF3-B745-4C73020CBFFD}.Debug|Any CPU.Build.0 = Debug|Any CPU
		{1EB4B634-61CB-4AF3-B745-4C73020CBFFD}.Release|Any CPU.ActiveCfg = Release|Any CPU
		{1EB4B634-61CB-4AF3-B745-4C73020CBFFD}.Release|Any CPU.Build.0 = Release|Any CPU
		{B7B0C1F8-2D8B-44D7-8F63-6DF0D68C3119}.Debug|Any CPU.ActiveCfg = Debug|Any CPU
		{B7B0C1F8-2D8B-44D7-8F63-6DF0D68C3119}.Debug|Any CPU.Build.0 = Debug|Any CPU
		{B7B0C1F8-2D8B-44D7-8F63-6DF0D68C3119}.Release|Any CPU.ActiveCfg = Release|Any CPU
		{B7B0C1F8-2D8B-44D7-8F63-6DF0D68C3119}.Release|Any CPU.Build.0 = Release|Any CPU
		{2854EAA8-60ED-456C-8E63-11ED0D5988D0}.Debug|Any CPU.ActiveCfg = Debug|Any CPU
		{2854EAA8-60ED-456C-8E63-11ED0D5988D0}.Debug|Any CPU.Build.0 = Debug|Any CPU
		{2854EAA8-60ED-456C-8E63-11ED0D5988D0}.Release|Any CPU.ActiveCfg = Release|Any CPU
		{2854EAA8-60ED-456C-8E63-11ED0D5988D0}.Release|Any CPU.Build.0 = Release|Any CPU
		{6B751692-417E-4BA0-BD15-6B91B6E3A393}.Debug|Any CPU.ActiveCfg = Debug|Any CPU
		{6B751692-417E-4BA0-BD15-6B91B6E3A393}.Debug|Any CPU.Build.0 = Debug|Any CPU
		{6B751692-417E-4BA0-BD15-6B91B6E3A393}.Release|Any CPU.ActiveCfg = Release|Any CPU
		{6B751692-417E-4BA0-BD15-6B91B6E3A393}.Release|Any CPU.Build.0 = Release|Any CPU
		{CD03E4F6-7AE4-4987-92AA-DCB6D1677983}.Debug|Any CPU.ActiveCfg = Debug|Any CPU
		{CD03E4F6-7AE4-4987-92AA-DCB6D1677983}.Debug|Any CPU.Build.0 = Debug|Any CPU
		{CD03E4F6-7AE4-4987-92AA-DCB6D1677983}.Release|Any CPU.ActiveCfg = Release|Any CPU
		{CD03E4F6-7AE4-4987-92AA-DCB6D1677983}.Release|Any CPU.Build.0 = Release|Any CPU
		{23EF83D1-CF62-49BB-B9CF-89F8E5393227}.Debug|Any CPU.ActiveCfg = Debug|Any CPU
		{23EF83D1-CF62-49BB-B9CF-89F8E5393227}.Debug|Any CPU.Build.0 = Debug|Any CPU
		{23EF83D1-CF62-49BB-B9CF-89F8E5393227}.Release|Any CPU.ActiveCfg = Release|Any CPU
		{23EF83D1-CF62-49BB-B9CF-89F8E5393227}.Release|Any CPU.Build.0 = Release|Any CPU
		{05E1FEAF-17E6-4295-87A7-B06C1252992F}.Debug|Any CPU.ActiveCfg = Debug|Any CPU
		{05E1FEAF-17E6-4295-87A7-B06C1252992F}.Debug|Any CPU.Build.0 = Debug|Any CPU
		{05E1FEAF-17E6-4295-87A7-B06C1252992F}.Release|Any CPU.ActiveCfg = Release|Any CPU
		{05E1FEAF-17E6-4295-87A7-B06C1252992F}.Release|Any CPU.Build.0 = Release|Any CPU
		{37BCB204-7378-4EB7-A67C-0E63281C2D64}.Debug|Any CPU.ActiveCfg = Debug|Any CPU
		{37BCB204-7378-4EB7-A67C-0E63281C2D64}.Debug|Any CPU.Build.0 = Debug|Any CPU
		{37BCB204-7378-4EB7-A67C-0E63281C2D64}.Release|Any CPU.ActiveCfg = Release|Any CPU
		{37BCB204-7378-4EB7-A67C-0E63281C2D64}.Release|Any CPU.Build.0 = Release|Any CPU
		{D0B00DA2-BC64-4CAA-8E1D-1CDD3D8296D2}.Debug|Any CPU.ActiveCfg = Debug|Any CPU
		{D0B00DA2-BC64-4CAA-8E1D-1CDD3D8296D2}.Debug|Any CPU.Build.0 = Debug|Any CPU
		{D0B00DA2-BC64-4CAA-8E1D-1CDD3D8296D2}.Release|Any CPU.ActiveCfg = Release|Any CPU
		{D0B00DA2-BC64-4CAA-8E1D-1CDD3D8296D2}.Release|Any CPU.Build.0 = Release|Any CPU
		{EA67A8F1-3AAA-43F1-B02C-37358288E4D7}.Debug|Any CPU.ActiveCfg = Debug|Any CPU
		{EA67A8F1-3AAA-43F1-B02C-37358288E4D7}.Debug|Any CPU.Build.0 = Debug|Any CPU
		{EA67A8F1-3AAA-43F1-B02C-37358288E4D7}.Release|Any CPU.ActiveCfg = Release|Any CPU
		{EA67A8F1-3AAA-43F1-B02C-37358288E4D7}.Release|Any CPU.Build.0 = Release|Any CPU
		{3BFE9D12-04FF-4CF0-8872-E6C00F03B476}.Debug|Any CPU.ActiveCfg = Debug|Any CPU
		{3BFE9D12-04FF-4CF0-8872-E6C00F03B476}.Debug|Any CPU.Build.0 = Debug|Any CPU
		{3BFE9D12-04FF-4CF0-8872-E6C00F03B476}.Release|Any CPU.ActiveCfg = Release|Any CPU
		{3BFE9D12-04FF-4CF0-8872-E6C00F03B476}.Release|Any CPU.Build.0 = Release|Any CPU
		{E0FAE5B9-65FB-4D5D-8A2D-D35EAFFF5A22}.Debug|Any CPU.ActiveCfg = Debug|Any CPU
		{E0FAE5B9-65FB-4D5D-8A2D-D35EAFFF5A22}.Debug|Any CPU.Build.0 = Debug|Any CPU
		{E0FAE5B9-65FB-4D5D-8A2D-D35EAFFF5A22}.Release|Any CPU.ActiveCfg = Release|Any CPU
		{E0FAE5B9-65FB-4D5D-8A2D-D35EAFFF5A22}.Release|Any CPU.Build.0 = Release|Any CPU
		{A45D0669-5C81-43DD-A182-FA892085B4A6}.Debug|Any CPU.ActiveCfg = Debug|Any CPU
		{A45D0669-5C81-43DD-A182-FA892085B4A6}.Debug|Any CPU.Build.0 = Debug|Any CPU
		{A45D0669-5C81-43DD-A182-FA892085B4A6}.Release|Any CPU.ActiveCfg = Release|Any CPU
		{A45D0669-5C81-43DD-A182-FA892085B4A6}.Release|Any CPU.Build.0 = Release|Any CPU
		{89D80B19-C7DD-4C00-AA20-CC69F17027E5}.Debug|Any CPU.ActiveCfg = Debug|Any CPU
		{89D80B19-C7DD-4C00-AA20-CC69F17027E5}.Debug|Any CPU.Build.0 = Debug|Any CPU
		{89D80B19-C7DD-4C00-AA20-CC69F17027E5}.Release|Any CPU.ActiveCfg = Release|Any CPU
		{89D80B19-C7DD-4C00-AA20-CC69F17027E5}.Release|Any CPU.Build.0 = Release|Any CPU
		{A63998FC-C971-452B-8811-D78A4E0F96F2}.Debug|Any CPU.ActiveCfg = Debug|Any CPU
		{A63998FC-C971-452B-8811-D78A4E0F96F2}.Debug|Any CPU.Build.0 = Debug|Any CPU
		{A63998FC-C971-452B-8811-D78A4E0F96F2}.Release|Any CPU.ActiveCfg = Release|Any CPU
		{A63998FC-C971-452B-8811-D78A4E0F96F2}.Release|Any CPU.Build.0 = Release|Any CPU
		{166DD04F-0241-4939-8C69-6EAE4185DBD3}.Debug|Any CPU.ActiveCfg = Debug|Any CPU
		{166DD04F-0241-4939-8C69-6EAE4185DBD3}.Debug|Any CPU.Build.0 = Debug|Any CPU
		{166DD04F-0241-4939-8C69-6EAE4185DBD3}.Release|Any CPU.ActiveCfg = Release|Any CPU
		{166DD04F-0241-4939-8C69-6EAE4185DBD3}.Release|Any CPU.Build.0 = Release|Any CPU
		{8EA56895-45C8-42A7-BD9A-B4BEC848E65B}.Debug|Any CPU.ActiveCfg = Debug|Any CPU
		{8EA56895-45C8-42A7-BD9A-B4BEC848E65B}.Debug|Any CPU.Build.0 = Debug|Any CPU
		{8EA56895-45C8-42A7-BD9A-B4BEC848E65B}.Release|Any CPU.ActiveCfg = Release|Any CPU
		{8EA56895-45C8-42A7-BD9A-B4BEC848E65B}.Release|Any CPU.Build.0 = Release|Any CPU
		{B6EEDCD0-92AE-4292-8A02-6CE5DBC08C8A}.Debug|Any CPU.ActiveCfg = Debug|Any CPU
		{B6EEDCD0-92AE-4292-8A02-6CE5DBC08C8A}.Debug|Any CPU.Build.0 = Debug|Any CPU
		{B6EEDCD0-92AE-4292-8A02-6CE5DBC08C8A}.Release|Any CPU.ActiveCfg = Release|Any CPU
		{B6EEDCD0-92AE-4292-8A02-6CE5DBC08C8A}.Release|Any CPU.Build.0 = Release|Any CPU
		{B9EF591E-EEF5-4600-91A6-5EE0A9259648}.Debug|Any CPU.ActiveCfg = Debug|Any CPU
		{B9EF591E-EEF5-4600-91A6-5EE0A9259648}.Debug|Any CPU.Build.0 = Debug|Any CPU
		{B9EF591E-EEF5-4600-91A6-5EE0A9259648}.Release|Any CPU.ActiveCfg = Release|Any CPU
		{B9EF591E-EEF5-4600-91A6-5EE0A9259648}.Release|Any CPU.Build.0 = Release|Any CPU
		{BD28E9C7-61C4-4C76-8071-1AB110EB7879}.Debug|Any CPU.ActiveCfg = Debug|Any CPU
		{BD28E9C7-61C4-4C76-8071-1AB110EB7879}.Debug|Any CPU.Build.0 = Debug|Any CPU
		{BD28E9C7-61C4-4C76-8071-1AB110EB7879}.Release|Any CPU.ActiveCfg = Release|Any CPU
		{BD28E9C7-61C4-4C76-8071-1AB110EB7879}.Release|Any CPU.Build.0 = Release|Any CPU
		{3FC7FAFA-6373-4A77-98D2-1226911BB827}.Debug|Any CPU.ActiveCfg = Debug|Any CPU
		{3FC7FAFA-6373-4A77-98D2-1226911BB827}.Debug|Any CPU.Build.0 = Debug|Any CPU
		{3FC7FAFA-6373-4A77-98D2-1226911BB827}.Release|Any CPU.ActiveCfg = Release|Any CPU
		{3FC7FAFA-6373-4A77-98D2-1226911BB827}.Release|Any CPU.Build.0 = Release|Any CPU
		{44CD59BA-687D-4363-8403-ACAE04FDE8F0}.Debug|Any CPU.ActiveCfg = Debug|Any CPU
		{44CD59BA-687D-4363-8403-ACAE04FDE8F0}.Debug|Any CPU.Build.0 = Debug|Any CPU
		{44CD59BA-687D-4363-8403-ACAE04FDE8F0}.Release|Any CPU.ActiveCfg = Release|Any CPU
		{44CD59BA-687D-4363-8403-ACAE04FDE8F0}.Release|Any CPU.Build.0 = Release|Any CPU
		{3D7EF93D-5112-478A-B72A-1272F0C53EE3}.Debug|Any CPU.ActiveCfg = Debug|Any CPU
		{3D7EF93D-5112-478A-B72A-1272F0C53EE3}.Debug|Any CPU.Build.0 = Debug|Any CPU
		{3D7EF93D-5112-478A-B72A-1272F0C53EE3}.Release|Any CPU.ActiveCfg = Release|Any CPU
		{3D7EF93D-5112-478A-B72A-1272F0C53EE3}.Release|Any CPU.Build.0 = Release|Any CPU
		{B6F5D28F-5412-4AD0-BA61-14F95E10D57F}.Debug|Any CPU.ActiveCfg = Debug|Any CPU
		{B6F5D28F-5412-4AD0-BA61-14F95E10D57F}.Debug|Any CPU.Build.0 = Debug|Any CPU
		{B6F5D28F-5412-4AD0-BA61-14F95E10D57F}.Release|Any CPU.ActiveCfg = Release|Any CPU
		{B6F5D28F-5412-4AD0-BA61-14F95E10D57F}.Release|Any CPU.Build.0 = Release|Any CPU
		{1D65E7A6-07AA-4677-AE80-71B6CE1D4AFB}.Debug|Any CPU.ActiveCfg = Debug|Any CPU
		{1D65E7A6-07AA-4677-AE80-71B6CE1D4AFB}.Debug|Any CPU.Build.0 = Debug|Any CPU
		{1D65E7A6-07AA-4677-AE80-71B6CE1D4AFB}.Release|Any CPU.ActiveCfg = Release|Any CPU
		{1D65E7A6-07AA-4677-AE80-71B6CE1D4AFB}.Release|Any CPU.Build.0 = Release|Any CPU
		{920B02FF-8E87-4182-891E-39A71365BE8D}.Debug|Any CPU.ActiveCfg = Debug|Any CPU
		{920B02FF-8E87-4182-891E-39A71365BE8D}.Debug|Any CPU.Build.0 = Debug|Any CPU
		{920B02FF-8E87-4182-891E-39A71365BE8D}.Release|Any CPU.ActiveCfg = Release|Any CPU
		{920B02FF-8E87-4182-891E-39A71365BE8D}.Release|Any CPU.Build.0 = Release|Any CPU
	EndGlobalSection
	GlobalSection(SolutionProperties) = preSolution
		HideSolutionNode = FALSE
	EndGlobalSection
	GlobalSection(NestedProjects) = preSolution
		{476882B7-D222-4302-8944-75BF15EAF33E} = {C02E0A3F-4133-468F-8FBF-B89ABB2C9183}
		{73100660-E3C4-40B3-8811-91674F480328} = {5B459ACE-4921-4B42-B949-A29B3D049C93}
		{9A47F230-D50F-4550-9469-70605DAB2E33} = {C02E0A3F-4133-468F-8FBF-B89ABB2C9183}
		{15B6722D-1086-41A3-B581-84956BA7B7DD} = {5B459ACE-4921-4B42-B949-A29B3D049C93}
		{3AB352CF-3647-4C7E-B008-C4242C147638} = {5B459ACE-4921-4B42-B949-A29B3D049C93}
		{92DEFAFD-913E-4380-AC45-258916239349} = {C02E0A3F-4133-468F-8FBF-B89ABB2C9183}
		{3118E42B-CFE5-4BA8-8B3C-FCE3C382153F} = {C02E0A3F-4133-468F-8FBF-B89ABB2C9183}
		{6395D71A-5136-4296-A480-178507FAB615} = {5B459ACE-4921-4B42-B949-A29B3D049C93}
		{84AFAF0F-0A6C-4D12-8CD5-4672D4C8AB95} = {C02E0A3F-4133-468F-8FBF-B89ABB2C9183}
		{A07D9F57-2CFA-4F59-BA32-BA6469A17C68} = {C02E0A3F-4133-468F-8FBF-B89ABB2C9183}
		{A5A3D39F-D315-48E0-A311-707799FF8681} = {5B459ACE-4921-4B42-B949-A29B3D049C93}
		{2A2A8CB9-D74A-409B-BB50-CFDEC3041F34} = {5B459ACE-4921-4B42-B949-A29B3D049C93}
		{C72A26A7-43CF-4DE4-B225-B279EACA01DE} = {C02E0A3F-4133-468F-8FBF-B89ABB2C9183}
		{1DA418BD-C4D3-491A-88F7-4104A896C616} = {5B459ACE-4921-4B42-B949-A29B3D049C93}
		{E1230324-B1F3-48E1-B90D-8594F1996141} = {C02E0A3F-4133-468F-8FBF-B89ABB2C9183}
		{EA953E13-A019-40E4-A3FC-D7BC597CF419} = {5B459ACE-4921-4B42-B949-A29B3D049C93}
		{9EBEE2A2-F64F-427E-9C79-F874178E03A5} = {C02E0A3F-4133-468F-8FBF-B89ABB2C9183}
		{1124E006-A4E9-4584-BE7C-506DB07278D9} = {5B459ACE-4921-4B42-B949-A29B3D049C93}
		{F87296DB-4897-449A-A917-780FD8AAB3C3} = {C02E0A3F-4133-468F-8FBF-B89ABB2C9183}
		{ADA47D16-7831-4BE1-BAAF-CDDB5735CAE9} = {C02E0A3F-4133-468F-8FBF-B89ABB2C9183}
		{D24F9018-9481-444E-B395-71B0E9ADE0D7} = {5B459ACE-4921-4B42-B949-A29B3D049C93}
		{0507B5EE-0D63-4AE2-AE48-58BE82D22DEA} = {5B459ACE-4921-4B42-B949-A29B3D049C93}
		{5D5CAA7F-69CB-44DF-AD36-7D1FDC72546C} = {C02E0A3F-4133-468F-8FBF-B89ABB2C9183}
		{11004707-344E-47C0-BDD0-6CEE90962409} = {5B459ACE-4921-4B42-B949-A29B3D049C93}
		{51A2C580-7D94-4B78-BE97-F5F512424C9D} = {C02E0A3F-4133-468F-8FBF-B89ABB2C9183}
		{F6664E28-F90B-48F8-BDF4-B1D7550B888B} = {5B459ACE-4921-4B42-B949-A29B3D049C93}
		{9152436A-A688-4869-880F-F545E1F46C4E} = {C02E0A3F-4133-468F-8FBF-B89ABB2C9183}
		{E2121EF7-1CF1-4C67-96D6-AB46AEF68417} = {5B459ACE-4921-4B42-B949-A29B3D049C93}
		{7352A3B4-67AB-4160-A839-376DE716A99D} = {C02E0A3F-4133-468F-8FBF-B89ABB2C9183}
		{26BB2FDB-13A7-4067-BB17-E9B19C4A8CBB} = {5B459ACE-4921-4B42-B949-A29B3D049C93}
		{04770597-9A60-42CF-A149-E22513EC3A23} = {C02E0A3F-4133-468F-8FBF-B89ABB2C9183}
		{79716673-23F8-42AC-9656-433EEE51AC1E} = {5B459ACE-4921-4B42-B949-A29B3D049C93}
		{C6584796-B130-4197-BFD5-D50F9D8FFA56} = {C02E0A3F-4133-468F-8FBF-B89ABB2C9183}
		{2179C1EC-6507-4BC6-845D-5E97BCBAB0FA} = {5B459ACE-4921-4B42-B949-A29B3D049C93}
		{45B10437-14A2-4F09-A58C-1084CA7CAA6F} = {C02E0A3F-4133-468F-8FBF-B89ABB2C9183}
		{8E828550-9C2B-481E-9B8A-F0DE56040F80} = {5B459ACE-4921-4B42-B949-A29B3D049C93}
		{16F8DDAA-8E14-4A5B-AC95-BADC4FCECD01} = {C02E0A3F-4133-468F-8FBF-B89ABB2C9183}
		{CFF1024C-2F69-4CBF-AFD0-A52F9C68FCD5} = {5B459ACE-4921-4B42-B949-A29B3D049C93}
		{964BE2E2-68E4-461C-8439-CEC3974376FC} = {C02E0A3F-4133-468F-8FBF-B89ABB2C9183}
		{1175C2E4-9C8D-4AFB-B73E-9AE1D4B7B18A} = {5B459ACE-4921-4B42-B949-A29B3D049C93}
		{847D131C-58BC-430A-90A2-9437860B0FD4} = {C02E0A3F-4133-468F-8FBF-B89ABB2C9183}
		{1F9A5295-0645-4F0F-B94E-D3E000A28F10} = {5B459ACE-4921-4B42-B949-A29B3D049C93}
		{BA569993-13AE-4B8C-BD25-2ECE5987058F} = {C02E0A3F-4133-468F-8FBF-B89ABB2C9183}
		{1C45E95E-850E-450E-8B7F-4E828D409183} = {5B459ACE-4921-4B42-B949-A29B3D049C93}
		{CC96FD09-68F2-409E-8A1E-C2117A7150CB} = {C02E0A3F-4133-468F-8FBF-B89ABB2C9183}
		{E881C47B-8A1A-4C42-B441-AE7BBFB1BB38} = {5B459ACE-4921-4B42-B949-A29B3D049C93}
		{665B8692-897D-4B4C-872D-A108B90D6737} = {C02E0A3F-4133-468F-8FBF-B89ABB2C9183}
		{7013343A-B302-4EC8-97E0-0E92DF59D03A} = {5B459ACE-4921-4B42-B949-A29B3D049C93}
		{F73FD57B-4E46-4261-86FA-4674C5F74B5E} = {C02E0A3F-4133-468F-8FBF-B89ABB2C9183}
		{341F39D1-E127-422C-9E48-7215864DA9C3} = {5B459ACE-4921-4B42-B949-A29B3D049C93}
		{3893D5D1-F4DF-4D00-A5D7-EC8B9A801079} = {C02E0A3F-4133-468F-8FBF-B89ABB2C9183}
		{6179B85F-E2BE-42C3-B5C5-AD3A8FD9A6AF} = {5B459ACE-4921-4B42-B949-A29B3D049C93}
		{1B479021-37A3-4AAB-898C-2C06FE12EBFE} = {C02E0A3F-4133-468F-8FBF-B89ABB2C9183}
		{2F63E3D9-C93D-48AE-B24B-71ABB0168BE6} = {5B459ACE-4921-4B42-B949-A29B3D049C93}
		{A30E1375-5462-4576-879B-AA6A39B127B8} = {C02E0A3F-4133-468F-8FBF-B89ABB2C9183}
		{151B3BBB-6DDB-46B9-91EE-B49501042A28} = {5B459ACE-4921-4B42-B949-A29B3D049C93}
		{9CC8B901-36BF-4465-9E99-E8D2BB01C90A} = {476882B7-D222-4302-8944-75BF15EAF33E}
		{DC363B6C-D200-4F62-B43E-4A69EF102A0E} = {73100660-E3C4-40B3-8811-91674F480328}
		{9AC41942-EE4E-49DB-9B1B-0E7598E2179C} = {9A47F230-D50F-4550-9469-70605DAB2E33}
		{329B4E6B-300D-41FF-A30F-DCC899F5BDA4} = {15B6722D-1086-41A3-B581-84956BA7B7DD}
		{ED1048E3-BE3E-4734-AAEB-794728DA1EE3} = {92DEFAFD-913E-4380-AC45-258916239349}
		{5E72CA15-D76E-406A-9B79-D586DEC2B97E} = {3AB352CF-3647-4C7E-B008-C4242C147638}
		{9C12A8CD-6572-4926-BD59-564B7F3AEBA1} = {3AB352CF-3647-4C7E-B008-C4242C147638}
		{C43206DA-63E0-478B-B10A-BCDEFA7FA64E} = {3118E42B-CFE5-4BA8-8B3C-FCE3C382153F}
		{F467674C-01E2-4E8B-8B51-256FFA80B917} = {6395D71A-5136-4296-A480-178507FAB615}
		{E39531EA-D928-47C5-B5E7-C2C83C228352} = {84AFAF0F-0A6C-4D12-8CD5-4672D4C8AB95}
		{1297CAD5-B288-458A-9B3A-942370173A89} = {A5A3D39F-D315-48E0-A311-707799FF8681}
		{E9F9EE65-2C69-4ADF-8188-CDB39DC6C592} = {A07D9F57-2CFA-4F59-BA32-BA6469A17C68}
		{9BDF5F5C-E0C0-471E-B2A0-869EB3A93031} = {2A2A8CB9-D74A-409B-BB50-CFDEC3041F34}
		{978677A0-71A3-4875-9858-7E4CAC81A73F} = {C72A26A7-43CF-4DE4-B225-B279EACA01DE}
		{FD386985-8680-40D6-9D2D-5E60A9C0DD36} = {1DA418BD-C4D3-491A-88F7-4104A896C616}
		{093E552A-D165-4CC9-9407-8468634E5D8B} = {E1230324-B1F3-48E1-B90D-8594F1996141}
		{A6630634-2725-4E08-A8C9-DF4F57B59805} = {EA953E13-A019-40E4-A3FC-D7BC597CF419}
		{981C2F5C-0FB9-4427-9571-A1E86DC08869} = {9EBEE2A2-F64F-427E-9C79-F874178E03A5}
		{E6F4F955-6C33-4626-990C-EC6D324DE8E7} = {1124E006-A4E9-4584-BE7C-506DB07278D9}
		{50C47347-3ACB-450B-83FA-44B26DA9DF1D} = {ADA47D16-7831-4BE1-BAAF-CDDB5735CAE9}
		{2DFD9F1B-3286-479F-8795-D1BDE550C876} = {F87296DB-4897-449A-A917-780FD8AAB3C3}
		{BF32DD89-5065-49D3-B688-5C1A5ACB43B5} = {D24F9018-9481-444E-B395-71B0E9ADE0D7}
		{02F158D4-DE55-474D-A3DC-4564073DF0F2} = {5D5CAA7F-69CB-44DF-AD36-7D1FDC72546C}
		{1EEC97C3-9960-45CA-8833-2EDE5CBF0FEA} = {11004707-344E-47C0-BDD0-6CEE90962409}
		{94B7466E-2691-404D-8BCD-C86D56E85D52} = {51A2C580-7D94-4B78-BE97-F5F512424C9D}
		{5BB43C65-311F-4161-976C-048743C82091} = {F6664E28-F90B-48F8-BDF4-B1D7550B888B}
		{200F6550-BB79-4763-A0A5-8042686222BC} = {9152436A-A688-4869-880F-F545E1F46C4E}
		{20A1468B-57E7-44D4-A2B4-236186F31349} = {E2121EF7-1CF1-4C67-96D6-AB46AEF68417}
		{208C4DCD-FD28-4A7C-94FB-7B5BC2EFAD23} = {7352A3B4-67AB-4160-A839-376DE716A99D}
		{1EB4B634-61CB-4AF3-B745-4C73020CBFFD} = {26BB2FDB-13A7-4067-BB17-E9B19C4A8CBB}
		{B7B0C1F8-2D8B-44D7-8F63-6DF0D68C3119} = {04770597-9A60-42CF-A149-E22513EC3A23}
		{2854EAA8-60ED-456C-8E63-11ED0D5988D0} = {79716673-23F8-42AC-9656-433EEE51AC1E}
		{6B751692-417E-4BA0-BD15-6B91B6E3A393} = {04770597-9A60-42CF-A149-E22513EC3A23}
		{CD03E4F6-7AE4-4987-92AA-DCB6D1677983} = {C6584796-B130-4197-BFD5-D50F9D8FFA56}
		{23EF83D1-CF62-49BB-B9CF-89F8E5393227} = {2179C1EC-6507-4BC6-845D-5E97BCBAB0FA}
		{05E1FEAF-17E6-4295-87A7-B06C1252992F} = {45B10437-14A2-4F09-A58C-1084CA7CAA6F}
		{37BCB204-7378-4EB7-A67C-0E63281C2D64} = {8E828550-9C2B-481E-9B8A-F0DE56040F80}
		{D0B00DA2-BC64-4CAA-8E1D-1CDD3D8296D2} = {16F8DDAA-8E14-4A5B-AC95-BADC4FCECD01}
		{EA67A8F1-3AAA-43F1-B02C-37358288E4D7} = {CFF1024C-2F69-4CBF-AFD0-A52F9C68FCD5}
		{3BFE9D12-04FF-4CF0-8872-E6C00F03B476} = {964BE2E2-68E4-461C-8439-CEC3974376FC}
		{E0FAE5B9-65FB-4D5D-8A2D-D35EAFFF5A22} = {1175C2E4-9C8D-4AFB-B73E-9AE1D4B7B18A}
		{A45D0669-5C81-43DD-A182-FA892085B4A6} = {847D131C-58BC-430A-90A2-9437860B0FD4}
		{89D80B19-C7DD-4C00-AA20-CC69F17027E5} = {1F9A5295-0645-4F0F-B94E-D3E000A28F10}
		{A63998FC-C971-452B-8811-D78A4E0F96F2} = {BA569993-13AE-4B8C-BD25-2ECE5987058F}
		{166DD04F-0241-4939-8C69-6EAE4185DBD3} = {1C45E95E-850E-450E-8B7F-4E828D409183}
		{8EA56895-45C8-42A7-BD9A-B4BEC848E65B} = {CC96FD09-68F2-409E-8A1E-C2117A7150CB}
		{B6EEDCD0-92AE-4292-8A02-6CE5DBC08C8A} = {E881C47B-8A1A-4C42-B441-AE7BBFB1BB38}
		{B9EF591E-EEF5-4600-91A6-5EE0A9259648} = {665B8692-897D-4B4C-872D-A108B90D6737}
		{BD28E9C7-61C4-4C76-8071-1AB110EB7879} = {7013343A-B302-4EC8-97E0-0E92DF59D03A}
		{3FC7FAFA-6373-4A77-98D2-1226911BB827} = {F73FD57B-4E46-4261-86FA-4674C5F74B5E}
		{44CD59BA-687D-4363-8403-ACAE04FDE8F0} = {341F39D1-E127-422C-9E48-7215864DA9C3}
		{3D7EF93D-5112-478A-B72A-1272F0C53EE3} = {3893D5D1-F4DF-4D00-A5D7-EC8B9A801079}
		{B6F5D28F-5412-4AD0-BA61-14F95E10D57F} = {6179B85F-E2BE-42C3-B5C5-AD3A8FD9A6AF}
		{1D65E7A6-07AA-4677-AE80-71B6CE1D4AFB} = {1B479021-37A3-4AAB-898C-2C06FE12EBFE}
		{920B02FF-8E87-4182-891E-39A71365BE8D} = {2F63E3D9-C93D-48AE-B24B-71ABB0168BE6}
	EndGlobalSection
	GlobalSection(ExtensibilityGlobals) = postSolution
		SolutionGuid = {95DD51B4-5BAE-4E43-8EF7-4F8FDF1F74DA}
	EndGlobalSection
EndGlobal
